
Microsoft Visual Studio Solution File, Format Version 12.00
# Visual Studio Version 17
VisualStudioVersion = 17.9.34607.119
MinimumVisualStudioVersion = 10.0.40219.1
Project("{9A19103F-16F7-4668-BE54-9A1E7A4F7556}") = "TravelPlanner.API", "TravelPlanner.API\TravelPlanner.API.csproj", "{C13174B1-08CF-4C32-9808-395F8AE8911B}"
	ProjectSection(ProjectDependencies) = postProject
		{827A038E-82AF-4B13-9C99-525A350E88A7} = {827A038E-82AF-4B13-9C99-525A350E88A7}
		{9F583331-A226-418B-8831-7BDF71960F21} = {9F583331-A226-418B-8831-7BDF71960F21}
	EndProjectSection
EndProject
Project("{9A19103F-16F7-4668-BE54-9A1E7A4F7556}") = "TravelPlanner.Core", "TravelPlanner.Core\TravelPlanner.Core.csproj", "{827A038E-82AF-4B13-9C99-525A350E88A7}"
EndProject
Project("{9A19103F-16F7-4668-BE54-9A1E7A4F7556}") = "TravelPlanner.Infrastructure", "TravelPlanner.Infrastructure\TravelPlanner.Infrastructure.csproj", "{722F6913-928A-4C1E-BA02-4CD935715E11}"
EndProject
Project("{2150E333-8FDC-42A3-9474-1A3956D46DE8}") = "Solution Items", "Solution Items", "{4F419C5C-2C8A-4B0F-A42C-3526F8CA2C39}"
	ProjectSection(SolutionItems) = preProject
		.gitignore = .gitignore
	EndProjectSection
EndProject
Project("{FAE04EC0-301F-11D3-BF4B-00C04F79EFBC}") = "TravelPlanner.Application", "TravelPlanner.Application\TravelPlanner.Application.csproj", "{9F583331-A226-418B-8831-7BDF71960F21}"
	ProjectSection(ProjectDependencies) = postProject
		{827A038E-82AF-4B13-9C99-525A350E88A7} = {827A038E-82AF-4B13-9C99-525A350E88A7}
	EndProjectSection
EndProject
Project("{FAE04EC0-301F-11D3-BF4B-00C04F79EFBC}") = "TravelPlanner.Web", "TravelPlanner.Web\TravelPlanner.Web.csproj", "{4146AD53-A153-4F81-BDE9-5703C356229C}"
EndProject
Project("{54A90642-561A-4BB1-A94E-469ADEE60C69}") = "TravelPlanner.WebNg", "TravelPlanner.WebNg\TravelPlanner.WebNg.esproj", "{6D8CF3FC-14DD-CB21-CCCE-0271BC5DBA2C}"
EndProject
Global
	GlobalSection(SolutionConfigurationPlatforms) = preSolution
		Debug|Any CPU = Debug|Any CPU
		Release|Any CPU = Release|Any CPU
	EndGlobalSection
	GlobalSection(ProjectConfigurationPlatforms) = postSolution
		{C13174B1-08CF-4C32-9808-395F8AE8911B}.Debug|Any CPU.ActiveCfg = Debug|Any CPU
		{C13174B1-08CF-4C32-9808-395F8AE8911B}.Debug|Any CPU.Build.0 = Debug|Any CPU
		{C13174B1-08CF-4C32-9808-395F8AE8911B}.Release|Any CPU.ActiveCfg = Release|Any CPU
		{C13174B1-08CF-4C32-9808-395F8AE8911B}.Release|Any CPU.Build.0 = Release|Any CPU
		{827A038E-82AF-4B13-9C99-525A350E88A7}.Debug|Any CPU.ActiveCfg = Debug|Any CPU
		{827A038E-82AF-4B13-9C99-525A350E88A7}.Debug|Any CPU.Build.0 = Debug|Any CPU
		{827A038E-82AF-4B13-9C99-525A350E88A7}.Release|Any CPU.ActiveCfg = Release|Any CPU
		{827A038E-82AF-4B13-9C99-525A350E88A7}.Release|Any CPU.Build.0 = Release|Any CPU
		{722F6913-928A-4C1E-BA02-4CD935715E11}.Debug|Any CPU.ActiveCfg = Debug|Any CPU
		{722F6913-928A-4C1E-BA02-4CD935715E11}.Debug|Any CPU.Build.0 = Debug|Any CPU
		{722F6913-928A-4C1E-BA02-4CD935715E11}.Release|Any CPU.ActiveCfg = Release|Any CPU
		{722F6913-928A-4C1E-BA02-4CD935715E11}.Release|Any CPU.Build.0 = Release|Any CPU
		{9F583331-A226-418B-8831-7BDF71960F21}.Debug|Any CPU.ActiveCfg = Debug|Any CPU
		{9F583331-A226-418B-8831-7BDF71960F21}.Debug|Any CPU.Build.0 = Debug|Any CPU
		{9F583331-A226-418B-8831-7BDF71960F21}.Release|Any CPU.ActiveCfg = Release|Any CPU
		{9F583331-A226-418B-8831-7BDF71960F21}.Release|Any CPU.Build.0 = Release|Any CPU
		{4146AD53-A153-4F81-BDE9-5703C356229C}.Debug|Any CPU.ActiveCfg = Debug|Any CPU
		{4146AD53-A153-4F81-BDE9-5703C356229C}.Debug|Any CPU.Build.0 = Debug|Any CPU
		{4146AD53-A153-4F81-BDE9-5703C356229C}.Release|Any CPU.ActiveCfg = Release|Any CPU
		{4146AD53-A153-4F81-BDE9-5703C356229C}.Release|Any CPU.Build.0 = Release|Any CPU
		{6D8CF3FC-14DD-CB21-CCCE-0271BC5DBA2C}.Debug|Any CPU.ActiveCfg = Debug|Any CPU
		{6D8CF3FC-14DD-CB21-CCCE-0271BC5DBA2C}.Debug|Any CPU.Build.0 = Debug|Any CPU
		{6D8CF3FC-14DD-CB21-CCCE-0271BC5DBA2C}.Debug|Any CPU.Deploy.0 = Debug|Any CPU
		{6D8CF3FC-14DD-CB21-CCCE-0271BC5DBA2C}.Release|Any CPU.ActiveCfg = Release|Any CPU
		{6D8CF3FC-14DD-CB21-CCCE-0271BC5DBA2C}.Release|Any CPU.Build.0 = Release|Any CPU
		{6D8CF3FC-14DD-CB21-CCCE-0271BC5DBA2C}.Release|Any CPU.Deploy.0 = Release|Any CPU
	EndGlobalSection
	GlobalSection(SolutionProperties) = preSolution
		HideSolutionNode = FALSE
	EndGlobalSection
	GlobalSection(ExtensibilityGlobals) = postSolution
		SolutionGuid = {95AA3429-5CBF-438D-8223-A380145050F3}
	EndGlobalSection
EndGlobal
